// !$*UTF8*$!
{
	archiveVersion = 1;
	classes = {
	};
	objectVersion = 55;
	objects = {

/* Begin PBXBuildFile section */
		CF1946EF2914510000A83E6B /* LaunchCell.swift in Sources */ = {isa = PBXBuildFile; fileRef = CF1946EE2914510000A83E6B /* LaunchCell.swift */; };
		CF1CAB832912D7A90050A61F /* AutoLayoutDSL.swift in Sources */ = {isa = PBXBuildFile; fileRef = CF1CAB822912D7A90050A61F /* AutoLayoutDSL.swift */; };
		CF1CAB872912D8180050A61F /* Coordinator.swift in Sources */ = {isa = PBXBuildFile; fileRef = CF1CAB862912D8180050A61F /* Coordinator.swift */; };
		CF1CAB892912D8490050A61F /* BaseCoordinator.swift in Sources */ = {isa = PBXBuildFile; fileRef = CF1CAB882912D8490050A61F /* BaseCoordinator.swift */; };
		CF1CAB8D2912D8AF0050A61F /* MainCoordinator.swift in Sources */ = {isa = PBXBuildFile; fileRef = CF1CAB8C2912D8AF0050A61F /* MainCoordinator.swift */; };
		CF1CAB902912D9830050A61F /* MainViewModel.swift in Sources */ = {isa = PBXBuildFile; fileRef = CF1CAB8F2912D9830050A61F /* MainViewModel.swift */; };
		CF1CAB922912D9A50050A61F /* DetailsViewController.swift in Sources */ = {isa = PBXBuildFile; fileRef = CF1CAB912912D9A50050A61F /* DetailsViewController.swift */; };
		CF1CAB942912D9C30050A61F /* DetailsViewModel.swift in Sources */ = {isa = PBXBuildFile; fileRef = CF1CAB932912D9C30050A61F /* DetailsViewModel.swift */; };
		CF1CAB962912DA2E0050A61F /* HTTPClient.swift in Sources */ = {isa = PBXBuildFile; fileRef = CF1CAB952912DA2E0050A61F /* HTTPClient.swift */; };
		CF1CAB992912DA5C0050A61F /* RequestError.swift in Sources */ = {isa = PBXBuildFile; fileRef = CF1CAB982912DA5C0050A61F /* RequestError.swift */; };
		CF1CABA62912E6600050A61F /* Lato-Italic.ttf in Resources */ = {isa = PBXBuildFile; fileRef = CF1CAB9B2912E6600050A61F /* Lato-Italic.ttf */; };
		CF1CABA72912E6600050A61F /* Lato-LightItalic.ttf in Resources */ = {isa = PBXBuildFile; fileRef = CF1CAB9C2912E6600050A61F /* Lato-LightItalic.ttf */; };
		CF1CABA82912E6600050A61F /* Lato-Thin.ttf in Resources */ = {isa = PBXBuildFile; fileRef = CF1CAB9D2912E6600050A61F /* Lato-Thin.ttf */; };
		CF1CABA92912E6600050A61F /* Lato-Bold.ttf in Resources */ = {isa = PBXBuildFile; fileRef = CF1CAB9E2912E6600050A61F /* Lato-Bold.ttf */; };
		CF1CABAA2912E6600050A61F /* Lato-Black.ttf in Resources */ = {isa = PBXBuildFile; fileRef = CF1CAB9F2912E6600050A61F /* Lato-Black.ttf */; };
		CF1CABAB2912E6600050A61F /* Lato-Regular.ttf in Resources */ = {isa = PBXBuildFile; fileRef = CF1CABA02912E6600050A61F /* Lato-Regular.ttf */; };
		CF1CABAC2912E6600050A61F /* Lato-BlackItalic.ttf in Resources */ = {isa = PBXBuildFile; fileRef = CF1CABA12912E6600050A61F /* Lato-BlackItalic.ttf */; };
		CF1CABAE2912E6600050A61F /* Lato-BoldItalic.ttf in Resources */ = {isa = PBXBuildFile; fileRef = CF1CABA32912E6600050A61F /* Lato-BoldItalic.ttf */; };
		CF1CABAF2912E6600050A61F /* Lato-Light.ttf in Resources */ = {isa = PBXBuildFile; fileRef = CF1CABA42912E6600050A61F /* Lato-Light.ttf */; };
		CF1CABB02912E6600050A61F /* Lato-ThinItalic.ttf in Resources */ = {isa = PBXBuildFile; fileRef = CF1CABA52912E6600050A61F /* Lato-ThinItalic.ttf */; };
		CF1CABB22912E7860050A61F /* Constants.swift in Sources */ = {isa = PBXBuildFile; fileRef = CF1CABB12912E7860050A61F /* Constants.swift */; };
		CF1CABB62912F85B0050A61F /* BadgeButton.swift in Sources */ = {isa = PBXBuildFile; fileRef = CF1CABB52912F85B0050A61F /* BadgeButton.swift */; };
		CF1CABB82912FC280050A61F /* UIView+Extensions.swift in Sources */ = {isa = PBXBuildFile; fileRef = CF1CABB72912FC280050A61F /* UIView+Extensions.swift */; };
		CF3B3F2429145F440092CA79 /* LaunchCollectionView.swift in Sources */ = {isa = PBXBuildFile; fileRef = CF3B3F2329145F440092CA79 /* LaunchCollectionView.swift */; };
		CFCD56A92912CFD9006BAE51 /* AppDelegate.swift in Sources */ = {isa = PBXBuildFile; fileRef = CFCD56A82912CFD9006BAE51 /* AppDelegate.swift */; };
		CFCD56AB2912CFD9006BAE51 /* SceneDelegate.swift in Sources */ = {isa = PBXBuildFile; fileRef = CFCD56AA2912CFD9006BAE51 /* SceneDelegate.swift */; };
		CFCD56AD2912CFD9006BAE51 /* MainController.swift in Sources */ = {isa = PBXBuildFile; fileRef = CFCD56AC2912CFD9006BAE51 /* MainController.swift */; };
		CFCD56B22912CFE1006BAE51 /* Assets.xcassets in Resources */ = {isa = PBXBuildFile; fileRef = CFCD56B12912CFE1006BAE51 /* Assets.xcassets */; };
		CFCD56B52912CFE1006BAE51 /* LaunchScreen.storyboard in Resources */ = {isa = PBXBuildFile; fileRef = CFCD56B32912CFE1006BAE51 /* LaunchScreen.storyboard */; };
		CFCF33CF29159D73001A8E04 /* MainView.swift in Sources */ = {isa = PBXBuildFile; fileRef = CFCF33CE29159D73001A8E04 /* MainView.swift */; };
		CFCF33D12915B30C001A8E04 /* BigLaunchView.swift in Sources */ = {isa = PBXBuildFile; fileRef = CFCF33D02915B30C001A8E04 /* BigLaunchView.swift */; };
		CFCF33D32915C79C001A8E04 /* BorderedAvatarView.swift in Sources */ = {isa = PBXBuildFile; fileRef = CFCF33D22915C79C001A8E04 /* BorderedAvatarView.swift */; };
		CFCF33FC29168BEB001A8E04 /* AvatarRecordView.swift in Sources */ = {isa = PBXBuildFile; fileRef = CFCF33FB29168BEB001A8E04 /* AvatarRecordView.swift */; };
		CFCF33FE29168BF4001A8E04 /* StaticTextView.swift in Sources */ = {isa = PBXBuildFile; fileRef = CFCF33FD29168BF4001A8E04 /* StaticTextView.swift */; };
		CFCF340029169735001A8E04 /* UILabel+Extensions.swift in Sources */ = {isa = PBXBuildFile; fileRef = CFCF33FF29169735001A8E04 /* UILabel+Extensions.swift */; };
		CFCF34022916A326001A8E04 /* InfoView.swift in Sources */ = {isa = PBXBuildFile; fileRef = CFCF34012916A326001A8E04 /* InfoView.swift */; };
		CFCF34042916A365001A8E04 /* BottomStaticView.swift in Sources */ = {isa = PBXBuildFile; fileRef = CFCF34032916A365001A8E04 /* BottomStaticView.swift */; };
		CFCF34062916BE5E001A8E04 /* LaunchCellView.swift in Sources */ = {isa = PBXBuildFile; fileRef = CFCF34052916BE5E001A8E04 /* LaunchCellView.swift */; };
		CFDC70192916D4F00096B749 /* Launch.swift in Sources */ = {isa = PBXBuildFile; fileRef = CFDC70182916D4F00096B749 /* Launch.swift */; };
		CFDC701C2916EC2F0096B749 /* Endpoint.swift in Sources */ = {isa = PBXBuildFile; fileRef = CFDC701B2916EC2F0096B749 /* Endpoint.swift */; };
		CFDC70232916EF680096B749 /* ApiService.swift in Sources */ = {isa = PBXBuildFile; fileRef = CFDC70222916EF680096B749 /* ApiService.swift */; };
		CFDC70262916F1760096B749 /* ApiEndpoint.swift in Sources */ = {isa = PBXBuildFile; fileRef = CFDC70252916F1760096B749 /* ApiEndpoint.swift */; };
		CFDC702A291708D90096B749 /* Data+Extensions.swift in Sources */ = {isa = PBXBuildFile; fileRef = CFDC7029291708D90096B749 /* Data+Extensions.swift */; };
		CFDC702C29170EFE0096B749 /* String+Extensions.swift in Sources */ = {isa = PBXBuildFile; fileRef = CFDC702B29170EFE0096B749 /* String+Extensions.swift */; };
		CFDC702E291711230096B749 /* Date+Extensions.swift in Sources */ = {isa = PBXBuildFile; fileRef = CFDC702D291711230096B749 /* Date+Extensions.swift */; };
		CFDC7030291712F00096B749 /* UIModel.swift in Sources */ = {isa = PBXBuildFile; fileRef = CFDC702F291712F00096B749 /* UIModel.swift */; };
		CFDC7032291782150096B749 /* IndicatorLine.swift in Sources */ = {isa = PBXBuildFile; fileRef = CFDC7031291782150096B749 /* IndicatorLine.swift */; };
/* End PBXBuildFile section */

/* Begin PBXFileReference section */
		CF1946EE2914510000A83E6B /* LaunchCell.swift */ = {isa = PBXFileReference; lastKnownFileType = sourcecode.swift; path = LaunchCell.swift; sourceTree = "<group>"; };
		CF1CAB822912D7A90050A61F /* AutoLayoutDSL.swift */ = {isa = PBXFileReference; lastKnownFileType = sourcecode.swift; path = AutoLayoutDSL.swift; sourceTree = "<group>"; };
		CF1CAB862912D8180050A61F /* Coordinator.swift */ = {isa = PBXFileReference; lastKnownFileType = sourcecode.swift; path = Coordinator.swift; sourceTree = "<group>"; };
		CF1CAB882912D8490050A61F /* BaseCoordinator.swift */ = {isa = PBXFileReference; lastKnownFileType = sourcecode.swift; path = BaseCoordinator.swift; sourceTree = "<group>"; };
		CF1CAB8C2912D8AF0050A61F /* MainCoordinator.swift */ = {isa = PBXFileReference; lastKnownFileType = sourcecode.swift; path = MainCoordinator.swift; sourceTree = "<group>"; };
		CF1CAB8F2912D9830050A61F /* MainViewModel.swift */ = {isa = PBXFileReference; lastKnownFileType = sourcecode.swift; path = MainViewModel.swift; sourceTree = "<group>"; };
		CF1CAB912912D9A50050A61F /* DetailsViewController.swift */ = {isa = PBXFileReference; lastKnownFileType = sourcecode.swift; path = DetailsViewController.swift; sourceTree = "<group>"; };
		CF1CAB932912D9C30050A61F /* DetailsViewModel.swift */ = {isa = PBXFileReference; lastKnownFileType = sourcecode.swift; path = DetailsViewModel.swift; sourceTree = "<group>"; };
		CF1CAB952912DA2E0050A61F /* HTTPClient.swift */ = {isa = PBXFileReference; lastKnownFileType = sourcecode.swift; path = HTTPClient.swift; sourceTree = "<group>"; };
		CF1CAB982912DA5C0050A61F /* RequestError.swift */ = {isa = PBXFileReference; lastKnownFileType = sourcecode.swift; path = RequestError.swift; sourceTree = "<group>"; };
		CF1CAB9B2912E6600050A61F /* Lato-Italic.ttf */ = {isa = PBXFileReference; lastKnownFileType = file; path = "Lato-Italic.ttf"; sourceTree = "<group>"; };
		CF1CAB9C2912E6600050A61F /* Lato-LightItalic.ttf */ = {isa = PBXFileReference; lastKnownFileType = file; path = "Lato-LightItalic.ttf"; sourceTree = "<group>"; };
		CF1CAB9D2912E6600050A61F /* Lato-Thin.ttf */ = {isa = PBXFileReference; lastKnownFileType = file; path = "Lato-Thin.ttf"; sourceTree = "<group>"; };
		CF1CAB9E2912E6600050A61F /* Lato-Bold.ttf */ = {isa = PBXFileReference; lastKnownFileType = file; path = "Lato-Bold.ttf"; sourceTree = "<group>"; };
		CF1CAB9F2912E6600050A61F /* Lato-Black.ttf */ = {isa = PBXFileReference; lastKnownFileType = file; path = "Lato-Black.ttf"; sourceTree = "<group>"; };
		CF1CABA02912E6600050A61F /* Lato-Regular.ttf */ = {isa = PBXFileReference; lastKnownFileType = file; path = "Lato-Regular.ttf"; sourceTree = "<group>"; };
		CF1CABA12912E6600050A61F /* Lato-BlackItalic.ttf */ = {isa = PBXFileReference; lastKnownFileType = file; path = "Lato-BlackItalic.ttf"; sourceTree = "<group>"; };
		CF1CABA32912E6600050A61F /* Lato-BoldItalic.ttf */ = {isa = PBXFileReference; lastKnownFileType = file; path = "Lato-BoldItalic.ttf"; sourceTree = "<group>"; };
		CF1CABA42912E6600050A61F /* Lato-Light.ttf */ = {isa = PBXFileReference; lastKnownFileType = file; path = "Lato-Light.ttf"; sourceTree = "<group>"; };
		CF1CABA52912E6600050A61F /* Lato-ThinItalic.ttf */ = {isa = PBXFileReference; lastKnownFileType = file; path = "Lato-ThinItalic.ttf"; sourceTree = "<group>"; };
		CF1CABB12912E7860050A61F /* Constants.swift */ = {isa = PBXFileReference; lastKnownFileType = sourcecode.swift; path = Constants.swift; sourceTree = "<group>"; };
		CF1CABB52912F85B0050A61F /* BadgeButton.swift */ = {isa = PBXFileReference; lastKnownFileType = sourcecode.swift; path = BadgeButton.swift; sourceTree = "<group>"; };
		CF1CABB72912FC280050A61F /* UIView+Extensions.swift */ = {isa = PBXFileReference; lastKnownFileType = sourcecode.swift; path = "UIView+Extensions.swift"; sourceTree = "<group>"; };
		CF3B3F2329145F440092CA79 /* LaunchCollectionView.swift */ = {isa = PBXFileReference; lastKnownFileType = sourcecode.swift; path = LaunchCollectionView.swift; sourceTree = "<group>"; };
		CFCD56A52912CFD9006BAE51 /* SpaceX.app */ = {isa = PBXFileReference; explicitFileType = wrapper.application; includeInIndex = 0; path = SpaceX.app; sourceTree = BUILT_PRODUCTS_DIR; };
		CFCD56A82912CFD9006BAE51 /* AppDelegate.swift */ = {isa = PBXFileReference; lastKnownFileType = sourcecode.swift; path = AppDelegate.swift; sourceTree = "<group>"; };
		CFCD56AA2912CFD9006BAE51 /* SceneDelegate.swift */ = {isa = PBXFileReference; lastKnownFileType = sourcecode.swift; path = SceneDelegate.swift; sourceTree = "<group>"; };
		CFCD56AC2912CFD9006BAE51 /* MainController.swift */ = {isa = PBXFileReference; lastKnownFileType = sourcecode.swift; path = MainController.swift; sourceTree = "<group>"; };
		CFCD56B12912CFE1006BAE51 /* Assets.xcassets */ = {isa = PBXFileReference; lastKnownFileType = folder.assetcatalog; path = Assets.xcassets; sourceTree = "<group>"; };
		CFCD56B42912CFE1006BAE51 /* Base */ = {isa = PBXFileReference; lastKnownFileType = file.storyboard; name = Base; path = Base.lproj/LaunchScreen.storyboard; sourceTree = "<group>"; };
		CFCD56B62912CFE1006BAE51 /* Info.plist */ = {isa = PBXFileReference; lastKnownFileType = text.plist.xml; path = Info.plist; sourceTree = "<group>"; };
		CFCF33CE29159D73001A8E04 /* MainView.swift */ = {isa = PBXFileReference; lastKnownFileType = sourcecode.swift; path = MainView.swift; sourceTree = "<group>"; };
		CFCF33D02915B30C001A8E04 /* BigLaunchView.swift */ = {isa = PBXFileReference; lastKnownFileType = sourcecode.swift; path = BigLaunchView.swift; sourceTree = "<group>"; };
		CFCF33D22915C79C001A8E04 /* BorderedAvatarView.swift */ = {isa = PBXFileReference; lastKnownFileType = sourcecode.swift; path = BorderedAvatarView.swift; sourceTree = "<group>"; };
		CFCF33FB29168BEB001A8E04 /* AvatarRecordView.swift */ = {isa = PBXFileReference; lastKnownFileType = sourcecode.swift; path = AvatarRecordView.swift; sourceTree = "<group>"; };
		CFCF33FD29168BF4001A8E04 /* StaticTextView.swift */ = {isa = PBXFileReference; lastKnownFileType = sourcecode.swift; path = StaticTextView.swift; sourceTree = "<group>"; };
		CFCF33FF29169735001A8E04 /* UILabel+Extensions.swift */ = {isa = PBXFileReference; lastKnownFileType = sourcecode.swift; path = "UILabel+Extensions.swift"; sourceTree = "<group>"; };
		CFCF34012916A326001A8E04 /* InfoView.swift */ = {isa = PBXFileReference; lastKnownFileType = sourcecode.swift; path = InfoView.swift; sourceTree = "<group>"; };
		CFCF34032916A365001A8E04 /* BottomStaticView.swift */ = {isa = PBXFileReference; lastKnownFileType = sourcecode.swift; path = BottomStaticView.swift; sourceTree = "<group>"; };
		CFCF34052916BE5E001A8E04 /* LaunchCellView.swift */ = {isa = PBXFileReference; lastKnownFileType = sourcecode.swift; path = LaunchCellView.swift; sourceTree = "<group>"; };
		CFDC70182916D4F00096B749 /* Launch.swift */ = {isa = PBXFileReference; lastKnownFileType = sourcecode.swift; path = Launch.swift; sourceTree = "<group>"; };
		CFDC701A2916E9710096B749 /* AppConfig.xcconfig */ = {isa = PBXFileReference; lastKnownFileType = text.xcconfig; path = AppConfig.xcconfig; sourceTree = "<group>"; };
		CFDC701B2916EC2F0096B749 /* Endpoint.swift */ = {isa = PBXFileReference; lastKnownFileType = sourcecode.swift; path = Endpoint.swift; sourceTree = "<group>"; };
		CFDC70222916EF680096B749 /* ApiService.swift */ = {isa = PBXFileReference; lastKnownFileType = sourcecode.swift; path = ApiService.swift; sourceTree = "<group>"; };
		CFDC70252916F1760096B749 /* ApiEndpoint.swift */ = {isa = PBXFileReference; lastKnownFileType = sourcecode.swift; path = ApiEndpoint.swift; sourceTree = "<group>"; };
		CFDC7029291708D90096B749 /* Data+Extensions.swift */ = {isa = PBXFileReference; lastKnownFileType = sourcecode.swift; path = "Data+Extensions.swift"; sourceTree = "<group>"; };
		CFDC702B29170EFE0096B749 /* String+Extensions.swift */ = {isa = PBXFileReference; lastKnownFileType = sourcecode.swift; path = "String+Extensions.swift"; sourceTree = "<group>"; };
		CFDC702D291711230096B749 /* Date+Extensions.swift */ = {isa = PBXFileReference; lastKnownFileType = sourcecode.swift; path = "Date+Extensions.swift"; sourceTree = "<group>"; };
		CFDC702F291712F00096B749 /* UIModel.swift */ = {isa = PBXFileReference; lastKnownFileType = sourcecode.swift; path = UIModel.swift; sourceTree = "<group>"; };
		CFDC7031291782150096B749 /* IndicatorLine.swift */ = {isa = PBXFileReference; lastKnownFileType = sourcecode.swift; path = IndicatorLine.swift; sourceTree = "<group>"; };
/* End PBXFileReference section */

/* Begin PBXFrameworksBuildPhase section */
		CFCD56A22912CFD9006BAE51 /* Frameworks */ = {
			isa = PBXFrameworksBuildPhase;
			buildActionMask = 2147483647;
			files = (
			);
			runOnlyForDeploymentPostprocessing = 0;
		};
/* End PBXFrameworksBuildPhase section */

/* Begin PBXGroup section */
		CF1946EC291450B500A83E6B /* Cell */ = {
			isa = PBXGroup;
			children = (
				CF1946EE2914510000A83E6B /* LaunchCell.swift */,
			);
			path = Cell;
			sourceTree = "<group>";
		};
		CF1CAB7A2912D6860050A61F /* Services */ = {
			isa = PBXGroup;
			children = (
				CF1CAB972912DA350050A61F /* HTTPClient */,
				CFDC70242916F1350096B749 /* ApiService */,
			);
			path = Services;
			sourceTree = "<group>";
		};
		CF1CAB7C2912D69C0050A61F /* Extensions */ = {
			isa = PBXGroup;
			children = (
				CF1CABB72912FC280050A61F /* UIView+Extensions.swift */,
				CFCF33FF29169735001A8E04 /* UILabel+Extensions.swift */,
				CFDC7029291708D90096B749 /* Data+Extensions.swift */,
				CFDC702B29170EFE0096B749 /* String+Extensions.swift */,
				CFDC702D291711230096B749 /* Date+Extensions.swift */,
			);
			path = Extensions;
			sourceTree = "<group>";
		};
		CF1CAB7D2912D6A30050A61F /* Utils */ = {
			isa = PBXGroup;
			children = (
				CF1CAB852912D80D0050A61F /* Coordinator */,
				CF1CAB842912D7BC0050A61F /* AutoLayoutDSL */,
				CF1CABB32912E78B0050A61F /* Constants */,
			);
			path = Utils;
			sourceTree = "<group>";
		};
		CF1CAB842912D7BC0050A61F /* AutoLayoutDSL */ = {
			isa = PBXGroup;
			children = (
				CF1CAB822912D7A90050A61F /* AutoLayoutDSL.swift */,
			);
			path = AutoLayoutDSL;
			sourceTree = "<group>";
		};
		CF1CAB852912D80D0050A61F /* Coordinator */ = {
			isa = PBXGroup;
			children = (
				CF1CAB862912D8180050A61F /* Coordinator.swift */,
				CF1CAB882912D8490050A61F /* BaseCoordinator.swift */,
			);
			path = Coordinator;
			sourceTree = "<group>";
		};
		CF1CAB8A2912D8670050A61F /* Main */ = {
			isa = PBXGroup;
			children = (
				CFCF33CD29159D55001A8E04 /* UI */,
				CF1946EC291450B500A83E6B /* Cell */,
				CF1CAB8C2912D8AF0050A61F /* MainCoordinator.swift */,
				CF1CAB8F2912D9830050A61F /* MainViewModel.swift */,
				CFCD56AC2912CFD9006BAE51 /* MainController.swift */,
				CFDC702F291712F00096B749 /* UIModel.swift */,
			);
			name = Main;
			path = Models;
			sourceTree = "<group>";
		};
		CF1CAB8E2912D9650050A61F /* Details */ = {
			isa = PBXGroup;
			children = (
				CF1CAB912912D9A50050A61F /* DetailsViewController.swift */,
				CF1CAB932912D9C30050A61F /* DetailsViewModel.swift */,
			);
			path = Details;
			sourceTree = "<group>";
		};
		CF1CAB972912DA350050A61F /* HTTPClient */ = {
			isa = PBXGroup;
			children = (
				CF1CAB952912DA2E0050A61F /* HTTPClient.swift */,
				CF1CAB982912DA5C0050A61F /* RequestError.swift */,
				CFDC701B2916EC2F0096B749 /* Endpoint.swift */,
			);
			path = HTTPClient;
			sourceTree = "<group>";
		};
		CF1CAB9A2912E6600050A61F /* Lato */ = {
			isa = PBXGroup;
			children = (
				CF1CAB9B2912E6600050A61F /* Lato-Italic.ttf */,
				CF1CAB9C2912E6600050A61F /* Lato-LightItalic.ttf */,
				CF1CAB9D2912E6600050A61F /* Lato-Thin.ttf */,
				CF1CAB9E2912E6600050A61F /* Lato-Bold.ttf */,
				CF1CAB9F2912E6600050A61F /* Lato-Black.ttf */,
				CF1CABA02912E6600050A61F /* Lato-Regular.ttf */,
				CF1CABA12912E6600050A61F /* Lato-BlackItalic.ttf */,
				CF1CABA32912E6600050A61F /* Lato-BoldItalic.ttf */,
				CF1CABA42912E6600050A61F /* Lato-Light.ttf */,
				CF1CABA52912E6600050A61F /* Lato-ThinItalic.ttf */,
			);
			path = Lato;
			sourceTree = "<group>";
		};
		CF1CABB32912E78B0050A61F /* Constants */ = {
			isa = PBXGroup;
			children = (
				CF1CABB12912E7860050A61F /* Constants.swift */,
			);
			path = Constants;
			sourceTree = "<group>";
		};
		CF1CABB42912F8440050A61F /* Components */ = {
			isa = PBXGroup;
			children = (
				CFDC701E2916EEB80096B749 /* Atoms */,
				CFDC701F2916EED90096B749 /* Molecules */,
				CFDC70202916EEF80096B749 /* Organisms */,
				CFDC70212916EF000096B749 /* Templates */,
			);
			path = Components;
			sourceTree = "<group>";
		};
		CF6CE4BA2912D5810097743C /* Supporting Files */ = {
			isa = PBXGroup;
			children = (
				CFCD56A82912CFD9006BAE51 /* AppDelegate.swift */,
				CFCD56AA2912CFD9006BAE51 /* SceneDelegate.swift */,
				CFCD56B32912CFE1006BAE51 /* LaunchScreen.storyboard */,
				CFCD56B62912CFE1006BAE51 /* Info.plist */,
				CFDC701A2916E9710096B749 /* AppConfig.xcconfig */,
			);
			path = "Supporting Files";
			sourceTree = "<group>";
		};
		CF6CE4BB2912D5950097743C /* Modules */ = {
			isa = PBXGroup;
			children = (
				CF1CAB8A2912D8670050A61F /* Main */,
				CF1CAB8E2912D9650050A61F /* Details */,
			);
			path = Modules;
			sourceTree = "<group>";
		};
		CF6CE4BC2912D59C0097743C /* Resourses */ = {
			isa = PBXGroup;
			children = (
				CF1CAB9A2912E6600050A61F /* Lato */,
				CFCD56B12912CFE1006BAE51 /* Assets.xcassets */,
			);
			path = Resourses;
			sourceTree = "<group>";
		};
		CFCD569C2912CFD9006BAE51 = {
			isa = PBXGroup;
			children = (
				CFCD56A72912CFD9006BAE51 /* SpaceX */,
				CFCD56A62912CFD9006BAE51 /* Products */,
			);
			sourceTree = "<group>";
		};
		CFCD56A62912CFD9006BAE51 /* Products */ = {
			isa = PBXGroup;
			children = (
				CFCD56A52912CFD9006BAE51 /* SpaceX.app */,
			);
			name = Products;
			sourceTree = "<group>";
		};
		CFCD56A72912CFD9006BAE51 /* SpaceX */ = {
			isa = PBXGroup;
			children = (
				CF6CE4BA2912D5810097743C /* Supporting Files */,
				CF1CAB7C2912D69C0050A61F /* Extensions */,
				CFDC70172916D4DA0096B749 /* Models */,
				CF1CAB7D2912D6A30050A61F /* Utils */,
				CF1CAB7A2912D6860050A61F /* Services */,
				CF6CE4BB2912D5950097743C /* Modules */,
				CF6CE4BC2912D59C0097743C /* Resourses */,
			);
			path = SpaceX;
			sourceTree = "<group>";
		};
		CFCF33CD29159D55001A8E04 /* UI */ = {
			isa = PBXGroup;
			children = (
				CF1CABB42912F8440050A61F /* Components */,
				CFDC701D2916EE430096B749 /* CollectionView */,
				CFCF33D4291678E4001A8E04 /* View */,
			);
			path = UI;
			sourceTree = "<group>";
		};
		CFCF33D4291678E4001A8E04 /* View */ = {
			isa = PBXGroup;
			children = (
				CFCF33CE29159D73001A8E04 /* MainView.swift */,
			);
			path = View;
			sourceTree = "<group>";
		};
		CFDC70172916D4DA0096B749 /* Models */ = {
			isa = PBXGroup;
			children = (
				CFDC70182916D4F00096B749 /* Launch.swift */,
			);
			path = Models;
			sourceTree = "<group>";
		};
		CFDC701D2916EE430096B749 /* CollectionView */ = {
			isa = PBXGroup;
			children = (
				CF3B3F2329145F440092CA79 /* LaunchCollectionView.swift */,
				CFCF34052916BE5E001A8E04 /* LaunchCellView.swift */,
			);
			path = CollectionView;
			sourceTree = "<group>";
		};
		CFDC701E2916EEB80096B749 /* Atoms */ = {
			isa = PBXGroup;
			children = (
				CF1CABB52912F85B0050A61F /* BadgeButton.swift */,
				CFCF33D22915C79C001A8E04 /* BorderedAvatarView.swift */,
				CFDC7031291782150096B749 /* IndicatorLine.swift */,
			);
			path = Atoms;
			sourceTree = "<group>";
		};
		CFDC701F2916EED90096B749 /* Molecules */ = {
			isa = PBXGroup;
			children = (
				CFCF33FB29168BEB001A8E04 /* AvatarRecordView.swift */,
				CFCF34012916A326001A8E04 /* InfoView.swift */,
			);
			path = Molecules;
			sourceTree = "<group>";
		};
		CFDC70202916EEF80096B749 /* Organisms */ = {
			isa = PBXGroup;
			children = (
				CFCF33FD29168BF4001A8E04 /* StaticTextView.swift */,
				CFCF33D02915B30C001A8E04 /* BigLaunchView.swift */,
			);
			path = Organisms;
			sourceTree = "<group>";
		};
		CFDC70212916EF000096B749 /* Templates */ = {
			isa = PBXGroup;
			children = (
				CFCF34032916A365001A8E04 /* BottomStaticView.swift */,
			);
			path = Templates;
			sourceTree = "<group>";
		};
		CFDC70242916F1350096B749 /* ApiService */ = {
			isa = PBXGroup;
			children = (
				CFDC70222916EF680096B749 /* ApiService.swift */,
				CFDC70252916F1760096B749 /* ApiEndpoint.swift */,
			);
			path = ApiService;
			sourceTree = "<group>";
		};
/* End PBXGroup section */

/* Begin PBXNativeTarget section */
		CFCD56A42912CFD9006BAE51 /* SpaceX */ = {
			isa = PBXNativeTarget;
			buildConfigurationList = CFCD56B92912CFE1006BAE51 /* Build configuration list for PBXNativeTarget "SpaceX" */;
			buildPhases = (
				CFCD56A12912CFD9006BAE51 /* Sources */,
				CFCD56A22912CFD9006BAE51 /* Frameworks */,
				CFCD56A32912CFD9006BAE51 /* Resources */,
			);
			buildRules = (
			);
			dependencies = (
			);
			name = SpaceX;
			productName = SpaceX;
			productReference = CFCD56A52912CFD9006BAE51 /* SpaceX.app */;
			productType = "com.apple.product-type.application";
		};
/* End PBXNativeTarget section */

/* Begin PBXProject section */
		CFCD569D2912CFD9006BAE51 /* Project object */ = {
			isa = PBXProject;
			attributes = {
				BuildIndependentTargetsInParallel = 1;
				LastSwiftUpdateCheck = 1330;
				LastUpgradeCheck = 1330;
				TargetAttributes = {
					CFCD56A42912CFD9006BAE51 = {
						CreatedOnToolsVersion = 13.3.1;
					};
				};
			};
			buildConfigurationList = CFCD56A02912CFD9006BAE51 /* Build configuration list for PBXProject "SpaceX" */;
			compatibilityVersion = "Xcode 13.0";
			developmentRegion = en;
			hasScannedForEncodings = 0;
			knownRegions = (
				en,
				Base,
			);
			mainGroup = CFCD569C2912CFD9006BAE51;
			productRefGroup = CFCD56A62912CFD9006BAE51 /* Products */;
			projectDirPath = "";
			projectRoot = "";
			targets = (
				CFCD56A42912CFD9006BAE51 /* SpaceX */,
			);
		};
/* End PBXProject section */

/* Begin PBXResourcesBuildPhase section */
		CFCD56A32912CFD9006BAE51 /* Resources */ = {
			isa = PBXResourcesBuildPhase;
			buildActionMask = 2147483647;
			files = (
				CF1CABAA2912E6600050A61F /* Lato-Black.ttf in Resources */,
				CFCD56B52912CFE1006BAE51 /* LaunchScreen.storyboard in Resources */,
				CF1CABAF2912E6600050A61F /* Lato-Light.ttf in Resources */,
				CF1CABA92912E6600050A61F /* Lato-Bold.ttf in Resources */,
				CF1CABAE2912E6600050A61F /* Lato-BoldItalic.ttf in Resources */,
				CF1CABAB2912E6600050A61F /* Lato-Regular.ttf in Resources */,
				CF1CABA62912E6600050A61F /* Lato-Italic.ttf in Resources */,
				CF1CABAC2912E6600050A61F /* Lato-BlackItalic.ttf in Resources */,
				CF1CABA82912E6600050A61F /* Lato-Thin.ttf in Resources */,
				CFCD56B22912CFE1006BAE51 /* Assets.xcassets in Resources */,
				CF1CABB02912E6600050A61F /* Lato-ThinItalic.ttf in Resources */,
				CF1CABA72912E6600050A61F /* Lato-LightItalic.ttf in Resources */,
			);
			runOnlyForDeploymentPostprocessing = 0;
		};
/* End PBXResourcesBuildPhase section */

/* Begin PBXSourcesBuildPhase section */
		CFCD56A12912CFD9006BAE51 /* Sources */ = {
			isa = PBXSourcesBuildPhase;
			buildActionMask = 2147483647;
			files = (
				CFCD56AD2912CFD9006BAE51 /* MainController.swift in Sources */,
				CFDC702C29170EFE0096B749 /* String+Extensions.swift in Sources */,
				CFDC701C2916EC2F0096B749 /* Endpoint.swift in Sources */,
				CF1CABB62912F85B0050A61F /* BadgeButton.swift in Sources */,
				CF1CAB832912D7A90050A61F /* AutoLayoutDSL.swift in Sources */,
				CFDC7032291782150096B749 /* IndicatorLine.swift in Sources */,
				CF1CAB922912D9A50050A61F /* DetailsViewController.swift in Sources */,
				CFDC7030291712F00096B749 /* UIModel.swift in Sources */,
				CFDC702A291708D90096B749 /* Data+Extensions.swift in Sources */,
				CFDC70262916F1760096B749 /* ApiEndpoint.swift in Sources */,
				CFCD56A92912CFD9006BAE51 /* AppDelegate.swift in Sources */,
				CFCF33CF29159D73001A8E04 /* MainView.swift in Sources */,
				CFCD56AB2912CFD9006BAE51 /* SceneDelegate.swift in Sources */,
				CF1CABB82912FC280050A61F /* UIView+Extensions.swift in Sources */,
				CF3B3F2429145F440092CA79 /* LaunchCollectionView.swift in Sources */,
				CF1CAB902912D9830050A61F /* MainViewModel.swift in Sources */,
				CF1CAB872912D8180050A61F /* Coordinator.swift in Sources */,
				CFCF340029169735001A8E04 /* UILabel+Extensions.swift in Sources */,
				CF1CAB8D2912D8AF0050A61F /* MainCoordinator.swift in Sources */,
				CF1CAB992912DA5C0050A61F /* RequestError.swift in Sources */,
				CFCF34042916A365001A8E04 /* BottomStaticView.swift in Sources */,
				CFCF33FC29168BEB001A8E04 /* AvatarRecordView.swift in Sources */,
				CF1CAB892912D8490050A61F /* BaseCoordinator.swift in Sources */,
				CFDC70192916D4F00096B749 /* Launch.swift in Sources */,
				CFCF33FE29168BF4001A8E04 /* StaticTextView.swift in Sources */,
				CF1CABB22912E7860050A61F /* Constants.swift in Sources */,
				CFDC702E291711230096B749 /* Date+Extensions.swift in Sources */,
				CFCF33D32915C79C001A8E04 /* BorderedAvatarView.swift in Sources */,
				CF1CAB962912DA2E0050A61F /* HTTPClient.swift in Sources */,
				CF1946EF2914510000A83E6B /* LaunchCell.swift in Sources */,
				CFCF33D12915B30C001A8E04 /* BigLaunchView.swift in Sources */,
				CFDC70232916EF680096B749 /* ApiService.swift in Sources */,
				CFCF34022916A326001A8E04 /* InfoView.swift in Sources */,
				CFCF34062916BE5E001A8E04 /* LaunchCellView.swift in Sources */,
				CF1CAB942912D9C30050A61F /* DetailsViewModel.swift in Sources */,
			);
			runOnlyForDeploymentPostprocessing = 0;
		};
/* End PBXSourcesBuildPhase section */

/* Begin PBXVariantGroup section */
		CFCD56B32912CFE1006BAE51 /* LaunchScreen.storyboard */ = {
			isa = PBXVariantGroup;
			children = (
				CFCD56B42912CFE1006BAE51 /* Base */,
			);
			name = LaunchScreen.storyboard;
			sourceTree = "<group>";
		};
/* End PBXVariantGroup section */

/* Begin XCBuildConfiguration section */
		CFCD56B72912CFE1006BAE51 /* Debug */ = {
			isa = XCBuildConfiguration;
			baseConfigurationReference = CFDC701A2916E9710096B749 /* AppConfig.xcconfig */;
			buildSettings = {
				ALWAYS_SEARCH_USER_PATHS = NO;
				CLANG_ANALYZER_NONNULL = YES;
				CLANG_ANALYZER_NUMBER_OBJECT_CONVERSION = YES_AGGRESSIVE;
				CLANG_CXX_LANGUAGE_STANDARD = "gnu++17";
				CLANG_ENABLE_MODULES = YES;
				CLANG_ENABLE_OBJC_ARC = YES;
				CLANG_ENABLE_OBJC_WEAK = YES;
				CLANG_WARN_BLOCK_CAPTURE_AUTORELEASING = YES;
				CLANG_WARN_BOOL_CONVERSION = YES;
				CLANG_WARN_COMMA = YES;
				CLANG_WARN_CONSTANT_CONVERSION = YES;
				CLANG_WARN_DEPRECATED_OBJC_IMPLEMENTATIONS = YES;
				CLANG_WARN_DIRECT_OBJC_ISA_USAGE = YES_ERROR;
				CLANG_WARN_DOCUMENTATION_COMMENTS = YES;
				CLANG_WARN_EMPTY_BODY = YES;
				CLANG_WARN_ENUM_CONVERSION = YES;
				CLANG_WARN_INFINITE_RECURSION = YES;
				CLANG_WARN_INT_CONVERSION = YES;
				CLANG_WARN_NON_LITERAL_NULL_CONVERSION = YES;
				CLANG_WARN_OBJC_IMPLICIT_RETAIN_SELF = YES;
				CLANG_WARN_OBJC_LITERAL_CONVERSION = YES;
				CLANG_WARN_OBJC_ROOT_CLASS = YES_ERROR;
				CLANG_WARN_QUOTED_INCLUDE_IN_FRAMEWORK_HEADER = YES;
				CLANG_WARN_RANGE_LOOP_ANALYSIS = YES;
				CLANG_WARN_STRICT_PROTOTYPES = YES;
				CLANG_WARN_SUSPICIOUS_MOVE = YES;
				CLANG_WARN_UNGUARDED_AVAILABILITY = YES_AGGRESSIVE;
				CLANG_WARN_UNREACHABLE_CODE = YES;
				CLANG_WARN__DUPLICATE_METHOD_MATCH = YES;
				COPY_PHASE_STRIP = NO;
				DEBUG_INFORMATION_FORMAT = dwarf;
				ENABLE_STRICT_OBJC_MSGSEND = YES;
				ENABLE_TESTABILITY = YES;
				GCC_C_LANGUAGE_STANDARD = gnu11;
				GCC_DYNAMIC_NO_PIC = NO;
				GCC_NO_COMMON_BLOCKS = YES;
				GCC_OPTIMIZATION_LEVEL = 0;
				GCC_PREPROCESSOR_DEFINITIONS = (
					"DEBUG=1",
					"$(inherited)",
				);
				GCC_WARN_64_TO_32_BIT_CONVERSION = YES;
				GCC_WARN_ABOUT_RETURN_TYPE = YES_ERROR;
				GCC_WARN_UNDECLARED_SELECTOR = YES;
				GCC_WARN_UNINITIALIZED_AUTOS = YES_AGGRESSIVE;
				GCC_WARN_UNUSED_FUNCTION = YES;
				GCC_WARN_UNUSED_VARIABLE = YES;
				IPHONEOS_DEPLOYMENT_TARGET = 15.4;
				MTL_ENABLE_DEBUG_INFO = INCLUDE_SOURCE;
				MTL_FAST_MATH = YES;
				ONLY_ACTIVE_ARCH = YES;
				SDKROOT = iphoneos;
				SWIFT_ACTIVE_COMPILATION_CONDITIONS = DEBUG;
				SWIFT_OPTIMIZATION_LEVEL = "-Onone";
			};
			name = Debug;
		};
		CFCD56B82912CFE1006BAE51 /* Release */ = {
			isa = XCBuildConfiguration;
			buildSettings = {
				ALWAYS_SEARCH_USER_PATHS = NO;
				CLANG_ANALYZER_NONNULL = YES;
				CLANG_ANALYZER_NUMBER_OBJECT_CONVERSION = YES_AGGRESSIVE;
				CLANG_CXX_LANGUAGE_STANDARD = "gnu++17";
				CLANG_ENABLE_MODULES = YES;
				CLANG_ENABLE_OBJC_ARC = YES;
				CLANG_ENABLE_OBJC_WEAK = YES;
				CLANG_WARN_BLOCK_CAPTURE_AUTORELEASING = YES;
				CLANG_WARN_BOOL_CONVERSION = YES;
				CLANG_WARN_COMMA = YES;
				CLANG_WARN_CONSTANT_CONVERSION = YES;
				CLANG_WARN_DEPRECATED_OBJC_IMPLEMENTATIONS = YES;
				CLANG_WARN_DIRECT_OBJC_ISA_USAGE = YES_ERROR;
				CLANG_WARN_DOCUMENTATION_COMMENTS = YES;
				CLANG_WARN_EMPTY_BODY = YES;
				CLANG_WARN_ENUM_CONVERSION = YES;
				CLANG_WARN_INFINITE_RECURSION = YES;
				CLANG_WARN_INT_CONVERSION = YES;
				CLANG_WARN_NON_LITERAL_NULL_CONVERSION = YES;
				CLANG_WARN_OBJC_IMPLICIT_RETAIN_SELF = YES;
				CLANG_WARN_OBJC_LITERAL_CONVERSION = YES;
				CLANG_WARN_OBJC_ROOT_CLASS = YES_ERROR;
				CLANG_WARN_QUOTED_INCLUDE_IN_FRAMEWORK_HEADER = YES;
				CLANG_WARN_RANGE_LOOP_ANALYSIS = YES;
				CLANG_WARN_STRICT_PROTOTYPES = YES;
				CLANG_WARN_SUSPICIOUS_MOVE = YES;
				CLANG_WARN_UNGUARDED_AVAILABILITY = YES_AGGRESSIVE;
				CLANG_WARN_UNREACHABLE_CODE = YES;
				CLANG_WARN__DUPLICATE_METHOD_MATCH = YES;
				COPY_PHASE_STRIP = NO;
				DEBUG_INFORMATION_FORMAT = "dwarf-with-dsym";
				ENABLE_NS_ASSERTIONS = NO;
				ENABLE_STRICT_OBJC_MSGSEND = YES;
				GCC_C_LANGUAGE_STANDARD = gnu11;
				GCC_NO_COMMON_BLOCKS = YES;
				GCC_WARN_64_TO_32_BIT_CONVERSION = YES;
				GCC_WARN_ABOUT_RETURN_TYPE = YES_ERROR;
				GCC_WARN_UNDECLARED_SELECTOR = YES;
				GCC_WARN_UNINITIALIZED_AUTOS = YES_AGGRESSIVE;
				GCC_WARN_UNUSED_FUNCTION = YES;
				GCC_WARN_UNUSED_VARIABLE = YES;
				IPHONEOS_DEPLOYMENT_TARGET = 15.4;
				MTL_ENABLE_DEBUG_INFO = NO;
				MTL_FAST_MATH = YES;
				SDKROOT = iphoneos;
				SWIFT_COMPILATION_MODE = wholemodule;
				SWIFT_OPTIMIZATION_LEVEL = "-O";
				VALIDATE_PRODUCT = YES;
			};
			name = Release;
		};
		CFCD56BA2912CFE1006BAE51 /* Debug */ = {
			isa = XCBuildConfiguration;
			buildSettings = {
				ASSETCATALOG_COMPILER_APPICON_NAME = AppIcon;
				ASSETCATALOG_COMPILER_GLOBAL_ACCENT_COLOR_NAME = AccentColor;
				CODE_SIGN_STYLE = Automatic;
				CURRENT_PROJECT_VERSION = 1;
				DEVELOPMENT_TEAM = L7KZPDRX49;
				GENERATE_INFOPLIST_FILE = YES;
				INFOPLIST_FILE = "SpaceX/Supporting Files/Info.plist";
				INFOPLIST_KEY_UIApplicationSupportsIndirectInputEvents = YES;
				INFOPLIST_KEY_UILaunchStoryboardName = LaunchScreen;
				INFOPLIST_KEY_UISupportedInterfaceOrientations_iPad = "UIInterfaceOrientationPortrait UIInterfaceOrientationPortraitUpsideDown UIInterfaceOrientationLandscapeLeft UIInterfaceOrientationLandscapeRight";
				INFOPLIST_KEY_UISupportedInterfaceOrientations_iPhone = "UIInterfaceOrientationPortrait UIInterfaceOrientationLandscapeLeft UIInterfaceOrientationLandscapeRight";
				LD_RUNPATH_SEARCH_PATHS = (
					"$(inherited)",
					"@executable_path/Frameworks",
				);
				MARKETING_VERSION = 1.0;
				PRODUCT_BUNDLE_IDENTIFIER = com.pmatar.SpaceX;
				PRODUCT_NAME = "$(TARGET_NAME)";
				SWIFT_EMIT_LOC_STRINGS = YES;
				SWIFT_VERSION = 5.0;
				TARGETED_DEVICE_FAMILY = "1,2";
			};
			name = Debug;
		};
		CFCD56BB2912CFE1006BAE51 /* Release */ = {
			isa = XCBuildConfiguration;
			buildSettings = {
				ASSETCATALOG_COMPILER_APPICON_NAME = AppIcon;
				ASSETCATALOG_COMPILER_GLOBAL_ACCENT_COLOR_NAME = AccentColor;
				CODE_SIGN_STYLE = Automatic;
				CURRENT_PROJECT_VERSION = 1;
				DEVELOPMENT_TEAM = L7KZPDRX49;
				GENERATE_INFOPLIST_FILE = YES;
				INFOPLIST_FILE = "SpaceX/Supporting Files/Info.plist";
				INFOPLIST_KEY_UIApplicationSupportsIndirectInputEvents = YES;
				INFOPLIST_KEY_UILaunchStoryboardName = LaunchScreen;
				INFOPLIST_KEY_UISupportedInterfaceOrientations_iPad = "UIInterfaceOrientationPortrait UIInterfaceOrientationPortraitUpsideDown UIInterfaceOrientationLandscapeLeft UIInterfaceOrientationLandscapeRight";
				INFOPLIST_KEY_UISupportedInterfaceOrientations_iPhone = "UIInterfaceOrientationPortrait UIInterfaceOrientationLandscapeLeft UIInterfaceOrientationLandscapeRight";
				LD_RUNPATH_SEARCH_PATHS = (
					"$(inherited)",
					"@executable_path/Frameworks",
				);
				MARKETING_VERSION = 1.0;
				PRODUCT_BUNDLE_IDENTIFIER = com.pmatar.SpaceX;
				PRODUCT_NAME = "$(TARGET_NAME)";
				SWIFT_EMIT_LOC_STRINGS = YES;
				SWIFT_VERSION = 5.0;
				TARGETED_DEVICE_FAMILY = "1,2";
			};
			name = Release;
		};
/* End XCBuildConfiguration section */

/* Begin XCConfigurationList section */
		CFCD56A02912CFD9006BAE51 /* Build configuration list for PBXProject "SpaceX" */ = {
			isa = XCConfigurationList;
			buildConfigurations = (
				CFCD56B72912CFE1006BAE51 /* Debug */,
				CFCD56B82912CFE1006BAE51 /* Release */,
			);
			defaultConfigurationIsVisible = 0;
			defaultConfigurationName = Release;
		};
		CFCD56B92912CFE1006BAE51 /* Build configuration list for PBXNativeTarget "SpaceX" */ = {
			isa = XCConfigurationList;
			buildConfigurations = (
				CFCD56BA2912CFE1006BAE51 /* Debug */,
				CFCD56BB2912CFE1006BAE51 /* Release */,
			);
			defaultConfigurationIsVisible = 0;
			defaultConfigurationName = Release;
		};
/* End XCConfigurationList section */
	};
	rootObject = CFCD569D2912CFD9006BAE51 /* Project object */;
}
